Microsoft Visual Studio Solution File, Format Version 8.00
Project("{FAE04EC0-301F-11D3-BF4B-00C04F79EFBC}") = "Chapter17", "http://localhost/Chapter17/Chapter17.csproj", "{20E35FD8-9BD6-4C38-97E2-6B07C7C09AB5}"
	ProjectSection(ProjectDependencies) = postProject
	EndProjectSection
EndProject
Global
	GlobalSection(SolutionConfiguration) = preSolution
		Debug = Debug
		Release = Release
	EndGlobalSection
	GlobalSection(ProjectConfiguration) = postSolution
		{20E35FD8-9BD6-4C38-97E2-6B07C7C09AB5}.Debug.ActiveCfg = Debug|.NET
		{20E35FD8-9BD6-4C38-97E2-6B07C7C09AB5}.Debug.Build.0 = Debug|.NET
		{20E35FD8-9BD6-4C38-97E2-6B07C7C09AB5}.Release.ActiveCfg = Release|.NET
		{20E35FD8-9BD6-4C38-97E2-6B07C7C09AB5}.Release.Build.0 = Release|.NET
	EndGlobalSection
	GlobalSection(ExtensibilityGlobals) = postSolution
	EndGlobalSection
	GlobalSection(ExtensibilityAddIns) = postSolution
	EndGlobalSection
EndGlobal
