Microsoft Visual Studio Solution File, Format Version 8.00
Project("{FAE04EC0-301F-11D3-BF4B-00C04F79EFBC}") = "Chapter05", "http://localhost/Chapter05/Chapter05.csproj", "{F1151178-5D6F-4F7A-8563-C03BB6E9ADD6}"
	ProjectSection(ProjectDependencies) = postProject
	EndProjectSection
EndProject
Global
	GlobalSection(SolutionConfiguration) = preSolution
		Debug = Debug
		Release = Release
	EndGlobalSection
	GlobalSection(ProjectConfiguration) = postSolution
		{F1151178-5D6F-4F7A-8563-C03BB6E9ADD6}.Debug.ActiveCfg = Debug|.NET
		{F1151178-5D6F-4F7A-8563-C03BB6E9ADD6}.Debug.Build.0 = Debug|.NET
		{F1151178-5D6F-4F7A-8563-C03BB6E9ADD6}.Release.ActiveCfg = Release|.NET
		{F1151178-5D6F-4F7A-8563-C03BB6E9ADD6}.Release.Build.0 = Release|.NET
	EndGlobalSection
	GlobalSection(ExtensibilityGlobals) = postSolution
	EndGlobalSection
	GlobalSection(ExtensibilityAddIns) = postSolution
	EndGlobalSection
EndGlobal
