Microsoft Visual Studio Solution File, Format Version 8.00
Project("{FAE04EC0-301F-11D3-BF4B-00C04F79EFBC}") = "Chapter20", "http://localhost/Chapter20/Chapter20.csproj", "{3AFCBFBD-392A-4E08-99B5-26D23C64196C}"
	ProjectSection(ProjectDependencies) = postProject
	EndProjectSection
EndProject
Project("{FAE04EC0-301F-11D3-BF4B-00C04F79EFBC}") = "CustomServerControlsLibrary", "CustomServerControlsLibrary\CustomServerControlsLibrary.csproj", "{BCCBA468-EC58-4A80-8E6A-CE1CDA520D33}"
	ProjectSection(ProjectDependencies) = postProject
	EndProjectSection
EndProject
Global
	GlobalSection(SolutionConfiguration) = preSolution
		Debug = Debug
		Release = Release
	EndGlobalSection
	GlobalSection(ProjectConfiguration) = postSolution
		{3AFCBFBD-392A-4E08-99B5-26D23C64196C}.Debug.ActiveCfg = Debug|.NET
		{3AFCBFBD-392A-4E08-99B5-26D23C64196C}.Debug.Build.0 = Debug|.NET
		{3AFCBFBD-392A-4E08-99B5-26D23C64196C}.Release.ActiveCfg = Release|.NET
		{3AFCBFBD-392A-4E08-99B5-26D23C64196C}.Release.Build.0 = Release|.NET
		{BCCBA468-EC58-4A80-8E6A-CE1CDA520D33}.Debug.ActiveCfg = Debug|.NET
		{BCCBA468-EC58-4A80-8E6A-CE1CDA520D33}.Debug.Build.0 = Debug|.NET
		{BCCBA468-EC58-4A80-8E6A-CE1CDA520D33}.Release.ActiveCfg = Release|.NET
		{BCCBA468-EC58-4A80-8E6A-CE1CDA520D33}.Release.Build.0 = Release|.NET
	EndGlobalSection
	GlobalSection(ExtensibilityGlobals) = postSolution
	EndGlobalSection
	GlobalSection(ExtensibilityAddIns) = postSolution
	EndGlobalSection
EndGlobal
